
Microsoft Visual Studio Solution File, Format Version 12.00
# Visual Studio Version 16
VisualStudioVersion = 16.0.31019.35
MinimumVisualStudioVersion = 10.0.40219.1
Project("{FAE04EC0-301F-11D3-BF4B-00C04F79EFBC}") = "Task1_1", "Task1_1.csproj", "{C36CDC77-6B1A-49F9-932E-58E5A3CB2DB4}"
EndProject
Global
	GlobalSection(SolutionConfigurationPlatforms) = preSolution
		Debug|Any CPU = Debug|Any CPU
		Release|Any CPU = Release|Any CPU
	EndGlobalSection
	GlobalSection(ProjectConfigurationPlatforms) = postSolution
		{C36CDC77-6B1A-49F9-932E-58E5A3CB2DB4}.Debug|Any CPU.ActiveCfg = Debug|Any CPU
		{C36CDC77-6B1A-49F9-932E-58E5A3CB2DB4}.Debug|Any CPU.Build.0 = Debug|Any CPU
		{C36CDC77-6B1A-49F9-932E-58E5A3CB2DB4}.Release|Any CPU.ActiveCfg = Release|Any CPU
		{C36CDC77-6B1A-49F9-932E-58E5A3CB2DB4}.Release|Any CPU.Build.0 = Release|Any CPU
	EndGlobalSection
	GlobalSection(SolutionProperties) = preSolution
		HideSolutionNode = FALSE
	EndGlobalSection
	GlobalSection(ExtensibilityGlobals) = postSolution
		SolutionGuid = {70F333B3-037F-4BA9-8597-81170E2F1B20}
	EndGlobalSection
EndGlobal
