
Microsoft Visual Studio Solution File, Format Version 12.00
# Visual Studio Version 16
VisualStudioVersion = 16.0.31019.35
MinimumVisualStudioVersion = 10.0.40219.1
Project("{FAE04EC0-301F-11D3-BF4B-00C04F79EFBC}") = "Task1", "Task1.csproj", "{FAB5853B-98AB-4E49-AD4D-1D28950AC58B}"
EndProject
Global
	GlobalSection(SolutionConfigurationPlatforms) = preSolution
		Debug|Any CPU = Debug|Any CPU
		Release|Any CPU = Release|Any CPU
	EndGlobalSection
	GlobalSection(ProjectConfigurationPlatforms) = postSolution
		{FAB5853B-98AB-4E49-AD4D-1D28950AC58B}.Debug|Any CPU.ActiveCfg = Debug|Any CPU
		{FAB5853B-98AB-4E49-AD4D-1D28950AC58B}.Debug|Any CPU.Build.0 = Debug|Any CPU
		{FAB5853B-98AB-4E49-AD4D-1D28950AC58B}.Release|Any CPU.ActiveCfg = Release|Any CPU
		{FAB5853B-98AB-4E49-AD4D-1D28950AC58B}.Release|Any CPU.Build.0 = Release|Any CPU
	EndGlobalSection
	GlobalSection(SolutionProperties) = preSolution
		HideSolutionNode = FALSE
	EndGlobalSection
	GlobalSection(ExtensibilityGlobals) = postSolution
		SolutionGuid = {8DFBAB60-6CAB-48E1-93BA-159F75906D83}
	EndGlobalSection
EndGlobal
