
Microsoft Visual Studio Solution File, Format Version 12.00
# Visual Studio Version 16
VisualStudioVersion = 16.0.31019.35
MinimumVisualStudioVersion = 10.0.40219.1
Project("{9A19103F-16F7-4668-BE54-9A1E7A4F7556}") = "Abstract _сlasses", "Abstract _сlasses.csproj", "{45112C38-72D7-4CC0-BD10-542E92BC8DB6}"
EndProject
Project("{2150E333-8FDC-42A3-9474-1A3956D46DE8}") = "Solution Items", "Solution Items", "{F0B0C70F-73AC-4808-B0E5-C0132CB67BBC}"
	ProjectSection(SolutionItems) = preProject
		.gitignore.txt = .gitignore.txt
	EndProjectSection
EndProject
Global
	GlobalSection(SolutionConfigurationPlatforms) = preSolution
		Debug|Any CPU = Debug|Any CPU
		Release|Any CPU = Release|Any CPU
	EndGlobalSection
	GlobalSection(ProjectConfigurationPlatforms) = postSolution
		{45112C38-72D7-4CC0-BD10-542E92BC8DB6}.Debug|Any CPU.ActiveCfg = Debug|Any CPU
		{45112C38-72D7-4CC0-BD10-542E92BC8DB6}.Debug|Any CPU.Build.0 = Debug|Any CPU
		{45112C38-72D7-4CC0-BD10-542E92BC8DB6}.Release|Any CPU.ActiveCfg = Release|Any CPU
		{45112C38-72D7-4CC0-BD10-542E92BC8DB6}.Release|Any CPU.Build.0 = Release|Any CPU
	EndGlobalSection
	GlobalSection(SolutionProperties) = preSolution
		HideSolutionNode = FALSE
	EndGlobalSection
	GlobalSection(ExtensibilityGlobals) = postSolution
		SolutionGuid = {7FBD278D-D761-48F9-B8C4-CB320EB59BE7}
	EndGlobalSection
EndGlobal
