
Microsoft Visual Studio Solution File, Format Version 12.00
# Visual Studio Version 16
VisualStudioVersion = 16.0.31019.35
MinimumVisualStudioVersion = 10.0.40219.1
Project("{FAE04EC0-301F-11D3-BF4B-00C04F79EFBC}") = "Task1", "Task1.csproj", "{CF49BB53-080A-425E-BC55-428A2BFB2739}"
EndProject
Global
	GlobalSection(SolutionConfigurationPlatforms) = preSolution
		Debug|Any CPU = Debug|Any CPU
		Release|Any CPU = Release|Any CPU
	EndGlobalSection
	GlobalSection(ProjectConfigurationPlatforms) = postSolution
		{CF49BB53-080A-425E-BC55-428A2BFB2739}.Debug|Any CPU.ActiveCfg = Debug|Any CPU
		{CF49BB53-080A-425E-BC55-428A2BFB2739}.Debug|Any CPU.Build.0 = Debug|Any CPU
		{CF49BB53-080A-425E-BC55-428A2BFB2739}.Release|Any CPU.ActiveCfg = Release|Any CPU
		{CF49BB53-080A-425E-BC55-428A2BFB2739}.Release|Any CPU.Build.0 = Release|Any CPU
	EndGlobalSection
	GlobalSection(SolutionProperties) = preSolution
		HideSolutionNode = FALSE
	EndGlobalSection
	GlobalSection(ExtensibilityGlobals) = postSolution
		SolutionGuid = {A25BFF6C-8597-4487-8843-EFF137E51ACB}
	EndGlobalSection
EndGlobal
