
Microsoft Visual Studio Solution File, Format Version 12.00
# Visual Studio Version 16
VisualStudioVersion = 16.0.31019.35
MinimumVisualStudioVersion = 10.0.40219.1
Project("{FAE04EC0-301F-11D3-BF4B-00C04F79EFBC}") = "Task1", "Task1.csproj", "{1C27913D-2D63-4BD8-B5CA-749DD0CD4D3A}"
EndProject
Global
	GlobalSection(SolutionConfigurationPlatforms) = preSolution
		Debug|Any CPU = Debug|Any CPU
		Release|Any CPU = Release|Any CPU
	EndGlobalSection
	GlobalSection(ProjectConfigurationPlatforms) = postSolution
		{1C27913D-2D63-4BD8-B5CA-749DD0CD4D3A}.Debug|Any CPU.ActiveCfg = Debug|Any CPU
		{1C27913D-2D63-4BD8-B5CA-749DD0CD4D3A}.Debug|Any CPU.Build.0 = Debug|Any CPU
		{1C27913D-2D63-4BD8-B5CA-749DD0CD4D3A}.Release|Any CPU.ActiveCfg = Release|Any CPU
		{1C27913D-2D63-4BD8-B5CA-749DD0CD4D3A}.Release|Any CPU.Build.0 = Release|Any CPU
	EndGlobalSection
	GlobalSection(SolutionProperties) = preSolution
		HideSolutionNode = FALSE
	EndGlobalSection
	GlobalSection(ExtensibilityGlobals) = postSolution
		SolutionGuid = {F92D5C84-BA12-4698-8F66-A619BE8E2658}
	EndGlobalSection
EndGlobal
